<?xml version="1.0" encoding="utf-8"?>
<Project ToolsVersion="4.0" xmlns="http://schemas.microsoft.com/developer/msbuild/2003">
  <ItemGroup>
    <FxCompile Include="ColorPixelShader.hlsl" />
    <FxCompile Include="RainPixelShader.hlsl" />
    <FxCompile Include="RainVertexShader.hlsl" />
    <FxCompile Include="RainGeometryShader.hlsl" />
    <FxCompile Include="PixelShader.hlsl" />
    <FxCompile Include="ShadowMapVertexShader.hlsl" />
    <FxCompile Include="SmokeGeometryShader.hlsl" />
    <FxCompile Include="SmokePixelShader.hlsl" />
    <FxCompile Include="SmokeVertexShader.hlsl" />
    <FxCompile Include="TexturePixelShader.hlsl" />
    <FxCompile Include="VertexShader.hlsl" />
  </ItemGroup>
  <ItemGroup>
    <ClCompile Include="Camera.cpp" />
    <ClCompile Include="Event.cpp" />
    <ClCompile Include="Game.cpp" />
    <ClCompile Include="GameObject.cpp" />
    <ClCompile Include="GameSettings.cpp" />
    <ClCompile Include="Graphics.cpp" />
    <ClCompile Include="Light.cpp" />
    <ClCompile Include="Main.cpp" />
    <ClCompile Include="Model.cpp" />
    <ClCompile Include="ParticleShader.cpp" />
    <ClCompile Include="RainSystem.cpp" />
    <ClCompile Include="RegularShader.cpp" />
    <ClCompile Include="Scenario.cpp" />
    <ClCompile Include="Scene.cpp" />
    <ClCompile Include="ShaderData.cpp" />
    <ClCompile Include="ShadowMap.cpp" />
    <ClCompile Include="ShadowMapShader.cpp" />
    <ClCompile Include="SmokeSystem.cpp" />
    <ClCompile Include="SoundHandler.cpp" />
    <ClCompile Include="Window.cpp" />
  </ItemGroup>
  <ItemGroup>
    <ClInclude Include="AudioChunks.h" />
    <ClInclude Include="Bounds.h" />
    <ClInclude Include="ChatOverlay.h" />
    <ClInclude Include="GameSettings.h" />
    <ClInclude Include="Journal.h" />
    <ClInclude Include="MainMenu.h" />
    <ClInclude Include="Model.h" />
    <ClInclude Include="ParticleShader.h" />
    <ClInclude Include="RainSystem.h" />
    <ClInclude Include="PauseMenu.h" />
    <ClInclude Include="RegularShader.h" />
    <ClInclude Include="Scenario.h" />
    <ClInclude Include="ShaderData.h" />
    <ClInclude Include="Button.h" />
    <ClInclude Include="Camera.h" />
    <ClInclude Include="ComPtr.h" />
    <ClInclude Include="Print.h" />
    <ClInclude Include="Game.h" />
    <ClInclude Include="GameObject.h" />
    <ClInclude Include="Graphics.h" />
    <ClInclude Include="Light.h" />
    <ClInclude Include="InGameUI.h" />
    <ClInclude Include="Random.h" />
    <ClInclude Include="Scene.h" />
    <ClInclude Include="ShaderLoader.h" />
    <ClInclude Include="ShadowMap.h" />
    <ClInclude Include="ShadowMapShader.h" />
    <ClInclude Include="SmokeSystem.h" />
    <ClInclude Include="SoundHandler.h" />
    <ClInclude Include="Event.h" />
    <ClInclude Include="stb_image.h" />
    <ClInclude Include="Text.h" />
    <ClInclude Include="Timer.h" />
    <ClInclude Include="UI.h" />
    <ClInclude Include="UIComponent.h" />
    <ClInclude Include="Image.h" />
    <ClInclude Include="Window.h" />
    <ClInclude Include="ClueInfoOverlay.h" />
  </ItemGroup>
</Project>