<?xml version="1.0" encoding="utf-8"?>
<Project ToolsVersion="4.0" xmlns="http://schemas.microsoft.com/developer/msbuild/2003">
  <ItemGroup>
    <FxCompile Include="PixelShader.hlsl" />
    <FxCompile Include="VertexShader.hlsl" />
  </ItemGroup>
  <ItemGroup>
    <ClCompile Include="Camera.cpp" />
    <ClCompile Include="Event.cpp" />
    <ClCompile Include="Game.cpp" />
    <ClCompile Include="GameObject.cpp" />
    <ClCompile Include="GameSettings.cpp" />
    <ClCompile Include="Graphics.cpp" />
    <ClCompile Include="Light.cpp" />
    <ClCompile Include="Main.cpp" />
    <ClCompile Include="Model.cpp" />
    <ClCompile Include="ParticleSystem.cpp" />
    <ClCompile Include="Print.cpp" />
    <ClCompile Include="Scenario.cpp" />
    <ClCompile Include="Scene.cpp" />
    <ClCompile Include="Shader.cpp" />
    <ClCompile Include="SkeletonAnimation.cpp" />
    <ClCompile Include="SoundHandler.cpp" />
    <ClCompile Include="Window.cpp" />
  </ItemGroup>
  <ItemGroup>
    <ClInclude Include="GameSettings.h" />
    <ClInclude Include="Journal.h" />
    <ClInclude Include="MainMenu.h" />
    <ClInclude Include="Scenario.h" />
    <ClInclude Include="SkeletonAnimation.h" />
    <ClInclude Include="Button.h" />
    <ClInclude Include="Camera.h" />
    <ClInclude Include="ComPtr.h" />
    <ClInclude Include="Print.h" />
    <ClInclude Include="Game.h" />
    <ClInclude Include="GameObject.h" />
    <ClInclude Include="Geometry.h" />
    <ClInclude Include="Graphics.h" />
    <ClInclude Include="InputHandler.h" />
    <ClInclude Include="Light.h" />
    <ClInclude Include="InGameUI.h" />
    <ClInclude Include="Model.h" />
    <ClInclude Include="ParticleSystem.h" />
    <ClInclude Include="Random.h" />
    <ClInclude Include="Scene.h" />
    <ClInclude Include="Shader.h" />
    <ClInclude Include="ShaderLoader.h" />
    <ClInclude Include="SoundHandler.h" />
    <ClInclude Include="stb_image.h" />
    <ClInclude Include="Event.h" />
    <ClInclude Include="Text.h" />
    <ClInclude Include="Timer.h" />
    <ClInclude Include="UI.h" />
    <ClInclude Include="UIComponent.h" />
    <ClInclude Include="Image.h" />
    <ClInclude Include="Vector3.h" />
    <ClInclude Include="Window.h" />
    <ClInclude Include="AudioChunks.h" />
  </ItemGroup>
</Project>